
Microsoft Visual Studio Solution File, Format Version 12.00
# Visual Studio Version 17
VisualStudioVersion = 17.5.33502.453
MinimumVisualStudioVersion = 10.0.40219.1
Project("{9A19103F-16F7-4668-BE54-9A1E7A4F7556}") = "PieShopAdmin", "PieShopAdmin\PieShopAdmin.csproj", "{0D105E43-3A77-4345-8D25-9A86E9B73909}"
EndProject
Global
	GlobalSection(SolutionConfigurationPlatforms) = preSolution
		Debug|Any CPU = Debug|Any CPU
		Release|Any CPU = Release|Any CPU
	EndGlobalSection
	GlobalSection(ProjectConfigurationPlatforms) = postSolution
		{0D105E43-3A77-4345-8D25-9A86E9B73909}.Debug|Any CPU.ActiveCfg = Debug|Any CPU
		{0D105E43-3A77-4345-8D25-9A86E9B73909}.Debug|Any CPU.Build.0 = Debug|Any CPU
		{0D105E43-3A77-4345-8D25-9A86E9B73909}.Release|Any CPU.ActiveCfg = Release|Any CPU
		{0D105E43-3A77-4345-8D25-9A86E9B73909}.Release|Any CPU.Build.0 = Release|Any CPU
	EndGlobalSection
	GlobalSection(SolutionProperties) = preSolution
		HideSolutionNode = FALSE
	EndGlobalSection
	GlobalSection(ExtensibilityGlobals) = postSolution
		SolutionGuid = {67AD2421-0E10-498F-8351-7A07DA4395BB}
	EndGlobalSection
EndGlobal
